
Microsoft Visual Studio Solution File, Format Version 12.00
# Visual Studio 15
VisualStudioVersion = 15.0.27703.2035
MinimumVisualStudioVersion = 10.0.40219.1
Project("{FAE04EC0-301F-11D3-BF4B-00C04F79EFBC}") = "Room", "Room\Room.csproj", "{9EF08A06-B3EE-4988-9D45-5CE488F7ADBF}"
EndProject
Project("{2150E333-8FDC-42A3-9474-1A3956D46DE8}") = "Solution Items", "Solution Items", "{8235C1E1-2E4B-4EF3-85F3-CB902AE9EF47}"
EndProject
Global
	GlobalSection(SolutionConfigurationPlatforms) = preSolution
		Debug|Any CPU = Debug|Any CPU
		Release|Any CPU = Release|Any CPU
	EndGlobalSection
	GlobalSection(ProjectConfigurationPlatforms) = postSolution
		{9EF08A06-B3EE-4988-9D45-5CE488F7ADBF}.Debug|Any CPU.ActiveCfg = Debug|Any CPU
		{9EF08A06-B3EE-4988-9D45-5CE488F7ADBF}.Debug|Any CPU.Build.0 = Debug|Any CPU
		{9EF08A06-B3EE-4988-9D45-5CE488F7ADBF}.Release|Any CPU.ActiveCfg = Release|Any CPU
		{9EF08A06-B3EE-4988-9D45-5CE488F7ADBF}.Release|Any CPU.Build.0 = Release|Any CPU
	EndGlobalSection
	GlobalSection(SolutionProperties) = preSolution
		HideSolutionNode = FALSE
	EndGlobalSection
	GlobalSection(ExtensibilityGlobals) = postSolution
		SolutionGuid = {202A3EA2-CE4A-4BCC-9674-C1854F006AD9}
	EndGlobalSection
EndGlobal
